
Microsoft Visual Studio Solution File, Format Version 12.00
# Visual Studio Version 17
VisualStudioVersion = 17.5.33530.505
MinimumVisualStudioVersion = 10.0.40219.1
Project("{9A19103F-16F7-4668-BE54-9A1E7A4F7556}") = "BarcodeApi", "BarcodeApi.csproj", "{7765AA74-1057-45A5-B25E-76AAC47E11D5}"
EndProject
Global
	GlobalSection(SolutionConfigurationPlatforms) = preSolution
		Debug|Any CPU = Debug|Any CPU
		Release|Any CPU = Release|Any CPU
	EndGlobalSection
	GlobalSection(ProjectConfigurationPlatforms) = postSolution
		{7765AA74-1057-45A5-B25E-76AAC47E11D5}.Debug|Any CPU.ActiveCfg = Debug|Any CPU
		{7765AA74-1057-45A5-B25E-76AAC47E11D5}.Debug|Any CPU.Build.0 = Debug|Any CPU
		{7765AA74-1057-45A5-B25E-76AAC47E11D5}.Release|Any CPU.ActiveCfg = Release|Any CPU
		{7765AA74-1057-45A5-B25E-76AAC47E11D5}.Release|Any CPU.Build.0 = Release|Any CPU
	EndGlobalSection
	GlobalSection(SolutionProperties) = preSolution
		HideSolutionNode = FALSE
	EndGlobalSection
	GlobalSection(ExtensibilityGlobals) = postSolution
		SolutionGuid = {6141245B-F425-40BB-B33E-B7DEEF2478A8}
	EndGlobalSection
EndGlobal
